
Microsoft Visual Studio Solution File, Format Version 12.00
# Visual Studio Version 17
VisualStudioVersion = 17.10.34916.146
MinimumVisualStudioVersion = 10.0.40219.1
Project("{E24C65DC-7377-472B-9ABA-BC803B73C61A}") = "profile(1)", ".", "{371F308C-ADD6-4C92-8B80-E129DAE623E2}"
	ProjectSection(WebsiteProperties) = preProject
		TargetFrameworkMoniker = ".NETFramework,Version%3Dv4.8"
		Debug.AspNetCompiler.VirtualPath = "/localhost_53826"
		Debug.AspNetCompiler.PhysicalPath = "..\profile\"
		Debug.AspNetCompiler.TargetPath = "PrecompiledWeb\localhost_53826\"
		Debug.AspNetCompiler.Updateable = "true"
		Debug.AspNetCompiler.ForceOverwrite = "true"
		Debug.AspNetCompiler.FixedNames = "false"
		Debug.AspNetCompiler.Debug = "True"
		Release.AspNetCompiler.VirtualPath = "/localhost_53826"
		Release.AspNetCompiler.PhysicalPath = "..\profile\"
		Release.AspNetCompiler.TargetPath = "PrecompiledWeb\localhost_53826\"
		Release.AspNetCompiler.Updateable = "true"
		Release.AspNetCompiler.ForceOverwrite = "true"
		Release.AspNetCompiler.FixedNames = "false"
		Release.AspNetCompiler.Debug = "False"
		VWDPort = "53826"
		SlnRelativePath = "..\profile\"
	EndProjectSection
EndProject
Global
	GlobalSection(SolutionConfigurationPlatforms) = preSolution
		Debug|Any CPU = Debug|Any CPU
	EndGlobalSection
	GlobalSection(ProjectConfigurationPlatforms) = postSolution
		{371F308C-ADD6-4C92-8B80-E129DAE623E2}.Debug|Any CPU.ActiveCfg = Debug|Any CPU
		{371F308C-ADD6-4C92-8B80-E129DAE623E2}.Debug|Any CPU.Build.0 = Debug|Any CPU
	EndGlobalSection
	GlobalSection(SolutionProperties) = preSolution
		HideSolutionNode = FALSE
	EndGlobalSection
	GlobalSection(ExtensibilityGlobals) = postSolution
		SolutionGuid = {1E2567F0-EC1B-4A09-AA3F-7A01C11C565C}
	EndGlobalSection
EndGlobal
